
Microsoft Visual Studio Solution File, Format Version 12.00
# Visual Studio Version 17
VisualStudioVersion = 17.12.35506.116
MinimumVisualStudioVersion = 10.0.40219.1
Project("{FAE04EC0-301F-11D3-BF4B-00C04F79EFBC}") = "QuestShare", "QuestShare.Plugin\QuestShare.csproj", "{69848924-D4E7-4FCA-9DF6-160E77C80201}"
EndProject
Project("{FAE04EC0-301F-11D3-BF4B-00C04F79EFBC}") = "QuestShare.Common", "QuestShare.Common\QuestShare.Common\QuestShare.Common.csproj", "{BE0E6CF6-63AA-4F44-A987-53B6D5597187}"
EndProject
Project("{2150E333-8FDC-42A3-9474-1A3956D46DE8}") = "docs", "docs", "{58A6A150-BC45-4C03-8296-55DADA874C88}"
EndProject
Project("{2150E333-8FDC-42A3-9474-1A3956D46DE8}") = "Solution Items", "Solution Items", "{90E7BD04-4385-435C-B51A-A8C482586CE7}"
	ProjectSection(SolutionItems) = preProject
		README.md = README.md
	EndProjectSection
EndProject
Global
	GlobalSection(SolutionConfigurationPlatforms) = preSolution
		Debug|x64 = Debug|x64
		Release|x64 = Release|x64
	EndGlobalSection
	GlobalSection(ProjectConfigurationPlatforms) = postSolution
		{69848924-D4E7-4FCA-9DF6-160E77C80201}.Debug|x64.ActiveCfg = Debug|x64
		{69848924-D4E7-4FCA-9DF6-160E77C80201}.Debug|x64.Build.0 = Debug|x64
		{69848924-D4E7-4FCA-9DF6-160E77C80201}.Release|x64.ActiveCfg = Release|x64
		{69848924-D4E7-4FCA-9DF6-160E77C80201}.Release|x64.Build.0 = Release|x64
		{BE0E6CF6-63AA-4F44-A987-53B6D5597187}.Debug|x64.ActiveCfg = Debug|Any CPU
		{BE0E6CF6-63AA-4F44-A987-53B6D5597187}.Debug|x64.Build.0 = Debug|Any CPU
		{BE0E6CF6-63AA-4F44-A987-53B6D5597187}.Release|x64.ActiveCfg = Release|Any CPU
		{BE0E6CF6-63AA-4F44-A987-53B6D5597187}.Release|x64.Build.0 = Release|Any CPU
	EndGlobalSection
	GlobalSection(SolutionProperties) = preSolution
		HideSolutionNode = FALSE
	EndGlobalSection
EndGlobal
